
Microsoft Visual Studio Solution File, Format Version 12.00
# Visual Studio Version 16
VisualStudioVersion = 16.0.29920.165
MinimumVisualStudioVersion = 10.0.40219.1
Project("{9A19103F-16F7-4668-BE54-9A1E7A4F7556}") = "MQuince.Services.Contracts", "MQuince.Services.Contracts\MQuince.Services.Contracts.csproj", "{EE835B5F-8FA1-4AB2-987A-E8CD8931AA59}"
EndProject
Project("{9A19103F-16F7-4668-BE54-9A1E7A4F7556}") = "MQuince.Enums", "MQuince.Enums\MQuince.Enums.csproj", "{B66F6FE1-1934-4008-B0BA-52E90E65FCA3}"
EndProject
Project("{9A19103F-16F7-4668-BE54-9A1E7A4F7556}") = "MQuince.Entities", "MQuince.Entities\MQuince.Entities.csproj", "{E06E7370-018B-40CD-B92A-22D5BFDC94E8}"
EndProject
Project("{9A19103F-16F7-4668-BE54-9A1E7A4F7556}") = "MQuince.Services.Implementation", "MQuince.Services.Implementation\MQuince.Services.Implementation.csproj", "{DD8415D2-DE35-4E07-BC8E-A3DBE9E45EB0}"
EndProject
Project("{9A19103F-16F7-4668-BE54-9A1E7A4F7556}") = "MQuince.Repository.Contracts", "MQuince.Repository.Contracts\MQuince.Repository.Contracts.csproj", "{FEF6517D-58F1-40AB-B5D1-CF8DE80D68AE}"
EndProject
Project("{9A19103F-16F7-4668-BE54-9A1E7A4F7556}") = "MQuince.Repository.SQL", "MQuince.Repository.SQL\MQuince.Repository.SQL.csproj", "{68B7782B-9D57-43B0-A5B5-194CF1B27F25}"
EndProject
Project("{9A19103F-16F7-4668-BE54-9A1E7A4F7556}") = "MQuince.WebAPI", "MQuince.WebAPI\MQuince.WebAPI.csproj", "{F6412FA2-6B3B-47FF-A49D-6344E9BCD43B}"
EndProject
Project("{9A19103F-16F7-4668-BE54-9A1E7A4F7556}") = "MQuince.Application", "MQuince.Application\MQuince.Application.csproj", "{10FB3859-944A-42FD-96BA-5A2CFCD05B7A}"
EndProject
Project("{9A19103F-16F7-4668-BE54-9A1E7A4F7556}") = "MQuince.Services.Tests", "MQuince.Services.Tests\MQuince.Services.Tests.csproj", "{DC179031-B947-41A6-A85F-22B09EC434DD}"
EndProject
Project("{9A19103F-16F7-4668-BE54-9A1E7A4F7556}") = "MQuince.Integration.Entities", "MQuince.Integration.Entities\MQuince.Integration.Entities.csproj", "{39709AE7-E32C-4920-A815-2171C271E2D7}"
EndProject
Project("{9A19103F-16F7-4668-BE54-9A1E7A4F7556}") = "MQuince.Integration.Services.Constracts", "MQuince.Integration.Services.Constracts\MQuince.Integration.Services.Constracts.csproj", "{0949B52B-D3FC-493C-BA91-FC30C5E4BDA4}"
EndProject
Project("{9A19103F-16F7-4668-BE54-9A1E7A4F7556}") = "MQuince.Integration.Services.Implementation", "MQuince.Integration.Services.Implementation\MQuince.Integration.Services.Implementation.csproj", "{FACF87B8-058D-4772-AA22-32D1E2EEB20E}"
EndProject
Project("{9A19103F-16F7-4668-BE54-9A1E7A4F7556}") = "MQuince.Integration.Repository.Contracts", "MQuince.Integration.Repository.Contracts\MQuince.Integration.Repository.Contracts.csproj", "{389F101E-5E15-4E95-B76F-6D6305934DF1}"
EndProject
Project("{9A19103F-16F7-4668-BE54-9A1E7A4F7556}") = "MQuince.Integration.Repository.MySQL", "MQuince.Integration.Repository.MySQL\MQuince.Integration.Repository.MySQL.csproj", "{11F9C7EB-4AB5-4A3A-9870-A4F10EDFF9BA}"
EndProject
Project("{9A19103F-16F7-4668-BE54-9A1E7A4F7556}") = "MQuince.Integration.HospitalApp", "MQuince.Integration.HospitalApp\MQuince.Integration.HospitalApp.csproj", "{02232EB7-2132-489F-A68B-DA67438E7586}"
EndProject
Project("{9A19103F-16F7-4668-BE54-9A1E7A4F7556}") = "MQuince.Integration.HospitalApp.Tests", "MQuince.Integration.HospitalApp.Tests\MQuince.Integration.HospitalApp.Tests.csproj", "{726C04F5-EC54-4E9D-A24C-6B2DA7DBED86}"
EndProject
Project("{9A19103F-16F7-4668-BE54-9A1E7A4F7556}") = "MQuince.Repositories.Tests", "MQuince.Repositories.Tests\MQuince.Repositories.Tests.csproj", "{E8EC79FC-8A6C-48F2-8E25-66806E4CBF1D}"
EndProject
Project("{9A19103F-16F7-4668-BE54-9A1E7A4F7556}") = "MQuince.WebAPI.Integration.Testing", "MQuince.WebAPI.Integration.Testing\MQuince.WebAPI.Integration.Testing.csproj", "{298E8BBA-A906-4DD2-8232-4A1D645463BB}"
EndProject
Project("{9A19103F-16F7-4668-BE54-9A1E7A4F7556}") = "MQuince.WebAPI.Selenium.EndToEnd.Testing", "MQuince.WebAPI.Selenium.EndToEnd.Testing\MQuince.WebAPI.Selenium.EndToEnd.Testing.csproj", "{E0732ADC-4293-4A0D-8366-6AECC7DF81B8}"
EndProject
Project("{2150E333-8FDC-42A3-9474-1A3956D46DE8}") = "ApplicationCore", "ApplicationCore", "{5B0E3DB6-B1D3-4F3E-A19E-C81CD1A1DB03}"
EndProject
Project("{2150E333-8FDC-42A3-9474-1A3956D46DE8}") = "Autentification", "Autentification", "{A5356A5A-56E6-41C0-A696-00BA77E5FCD0}"
EndProject
Project("{2150E333-8FDC-42A3-9474-1A3956D46DE8}") = "Infrastructure", "Infrastructure", "{5AF715FA-7B0C-49DD-914B-5A3C5F4965F7}"
EndProject
Project("{2150E333-8FDC-42A3-9474-1A3956D46DE8}") = "Review", "Review", "{2BBD0BE8-2559-4485-B442-12DB4ED5FA48}"
EndProject
Project("{2150E333-8FDC-42A3-9474-1A3956D46DE8}") = "Scheduler", "Scheduler", "{C1FCCC3E-267B-4ECE-BA0B-C742F97D0800}"
EndProject
Project("{2150E333-8FDC-42A3-9474-1A3956D46DE8}") = "StafManagement", "StafManagement", "{063816A9-01D2-460C-8FA6-ED1A6F5B688B}"
EndProject
Project("{9A19103F-16F7-4668-BE54-9A1E7A4F7556}") = "MQuince.Infrastructure", "MQuince.Infrastructure\MQuince.Infrastructure.csproj", "{C27CA60D-3B47-4FFD-8155-B52E0825EFDA}"
EndProject
Project("{9A19103F-16F7-4668-BE54-9A1E7A4F7556}") = "MQuince.Review.Application", "MQuince.Review.Application\MQuince.Review.Application.csproj", "{A6C54F8A-8154-4A46-9B00-2E5246521D15}"
EndProject
Project("{9A19103F-16F7-4668-BE54-9A1E7A4F7556}") = "MQuince.Review.Domain", "MQuince.Review.Domain\MQuince.Review.Domain.csproj", "{334C98F8-7A82-4721-9C93-2142CAEFA3E1}"
EndProject
Project("{9A19103F-16F7-4668-BE54-9A1E7A4F7556}") = "MQuince.Scheduler.Application", "MQuince.Scheduler.Application\MQuince.Scheduler.Application.csproj", "{E5B1F921-356D-4B2B-813B-3EB9D0DC9DA7}"
	ProjectSection(ProjectDependencies) = postProject
		{C27CA60D-3B47-4FFD-8155-B52E0825EFDA} = {C27CA60D-3B47-4FFD-8155-B52E0825EFDA}
	EndProjectSection
EndProject
Project("{9A19103F-16F7-4668-BE54-9A1E7A4F7556}") = "MQuince.Scheduler.Domain", "MQuince.Scheduler.Domain\MQuince.Scheduler.Domain.csproj", "{78F1AB65-CED0-4414-B455-BE60D5A48D80}"
EndProject
Project("{9A19103F-16F7-4668-BE54-9A1E7A4F7556}") = "MQuince.Core", "MQuince.Core\MQuince.Core.csproj", "{537F14C2-0C1A-4A61-BF6C-2210D45B7A29}"
EndProject
Project("{FAE04EC0-301F-11D3-BF4B-00C04F79EFBC}") = "MQuince.Scheduler.Contracts", "MQuince.Scheduler.Contracts\MQuince.Scheduler.Contracts.csproj", "{C78C83A0-E95F-42D8-A19C-D385445268E0}"
	ProjectSection(ProjectDependencies) = postProject
		{78F1AB65-CED0-4414-B455-BE60D5A48D80} = {78F1AB65-CED0-4414-B455-BE60D5A48D80}
	EndProjectSection
EndProject
Project("{FAE04EC0-301F-11D3-BF4B-00C04F79EFBC}") = "MQuince.Review.Contracts", "MQuince.Review.Contracts\MQuince.Review.Contracts.csproj", "{53F199FD-F47A-4221-BE45-635232DBAA9C}"
EndProject
Global
	GlobalSection(SolutionConfigurationPlatforms) = preSolution
		Debug|Any CPU = Debug|Any CPU
		Release|Any CPU = Release|Any CPU
	EndGlobalSection
	GlobalSection(ProjectConfigurationPlatforms) = postSolution
		{EE835B5F-8FA1-4AB2-987A-E8CD8931AA59}.Debug|Any CPU.ActiveCfg = Debug|Any CPU
		{EE835B5F-8FA1-4AB2-987A-E8CD8931AA59}.Debug|Any CPU.Build.0 = Debug|Any CPU
		{EE835B5F-8FA1-4AB2-987A-E8CD8931AA59}.Release|Any CPU.ActiveCfg = Release|Any CPU
		{EE835B5F-8FA1-4AB2-987A-E8CD8931AA59}.Release|Any CPU.Build.0 = Release|Any CPU
		{B66F6FE1-1934-4008-B0BA-52E90E65FCA3}.Debug|Any CPU.ActiveCfg = Debug|Any CPU
		{B66F6FE1-1934-4008-B0BA-52E90E65FCA3}.Debug|Any CPU.Build.0 = Debug|Any CPU
		{B66F6FE1-1934-4008-B0BA-52E90E65FCA3}.Release|Any CPU.ActiveCfg = Release|Any CPU
		{B66F6FE1-1934-4008-B0BA-52E90E65FCA3}.Release|Any CPU.Build.0 = Release|Any CPU
		{E06E7370-018B-40CD-B92A-22D5BFDC94E8}.Debug|Any CPU.ActiveCfg = Debug|Any CPU
		{E06E7370-018B-40CD-B92A-22D5BFDC94E8}.Debug|Any CPU.Build.0 = Debug|Any CPU
		{E06E7370-018B-40CD-B92A-22D5BFDC94E8}.Release|Any CPU.ActiveCfg = Release|Any CPU
		{E06E7370-018B-40CD-B92A-22D5BFDC94E8}.Release|Any CPU.Build.0 = Release|Any CPU
		{DD8415D2-DE35-4E07-BC8E-A3DBE9E45EB0}.Debug|Any CPU.ActiveCfg = Debug|Any CPU
		{DD8415D2-DE35-4E07-BC8E-A3DBE9E45EB0}.Debug|Any CPU.Build.0 = Debug|Any CPU
		{DD8415D2-DE35-4E07-BC8E-A3DBE9E45EB0}.Release|Any CPU.ActiveCfg = Release|Any CPU
		{DD8415D2-DE35-4E07-BC8E-A3DBE9E45EB0}.Release|Any CPU.Build.0 = Release|Any CPU
		{FEF6517D-58F1-40AB-B5D1-CF8DE80D68AE}.Debug|Any CPU.ActiveCfg = Debug|Any CPU
		{FEF6517D-58F1-40AB-B5D1-CF8DE80D68AE}.Debug|Any CPU.Build.0 = Debug|Any CPU
		{FEF6517D-58F1-40AB-B5D1-CF8DE80D68AE}.Release|Any CPU.ActiveCfg = Release|Any CPU
		{FEF6517D-58F1-40AB-B5D1-CF8DE80D68AE}.Release|Any CPU.Build.0 = Release|Any CPU
		{68B7782B-9D57-43B0-A5B5-194CF1B27F25}.Debug|Any CPU.ActiveCfg = Debug|Any CPU
		{68B7782B-9D57-43B0-A5B5-194CF1B27F25}.Debug|Any CPU.Build.0 = Debug|Any CPU
		{68B7782B-9D57-43B0-A5B5-194CF1B27F25}.Release|Any CPU.ActiveCfg = Release|Any CPU
		{68B7782B-9D57-43B0-A5B5-194CF1B27F25}.Release|Any CPU.Build.0 = Release|Any CPU
		{F6412FA2-6B3B-47FF-A49D-6344E9BCD43B}.Debug|Any CPU.ActiveCfg = Debug|Any CPU
		{F6412FA2-6B3B-47FF-A49D-6344E9BCD43B}.Debug|Any CPU.Build.0 = Debug|Any CPU
		{F6412FA2-6B3B-47FF-A49D-6344E9BCD43B}.Release|Any CPU.ActiveCfg = Release|Any CPU
		{F6412FA2-6B3B-47FF-A49D-6344E9BCD43B}.Release|Any CPU.Build.0 = Release|Any CPU
		{10FB3859-944A-42FD-96BA-5A2CFCD05B7A}.Debug|Any CPU.ActiveCfg = Debug|Any CPU
		{10FB3859-944A-42FD-96BA-5A2CFCD05B7A}.Debug|Any CPU.Build.0 = Debug|Any CPU
		{10FB3859-944A-42FD-96BA-5A2CFCD05B7A}.Release|Any CPU.ActiveCfg = Release|Any CPU
		{10FB3859-944A-42FD-96BA-5A2CFCD05B7A}.Release|Any CPU.Build.0 = Release|Any CPU
		{DC179031-B947-41A6-A85F-22B09EC434DD}.Debug|Any CPU.ActiveCfg = Debug|Any CPU
		{DC179031-B947-41A6-A85F-22B09EC434DD}.Debug|Any CPU.Build.0 = Debug|Any CPU
		{DC179031-B947-41A6-A85F-22B09EC434DD}.Release|Any CPU.ActiveCfg = Release|Any CPU
		{DC179031-B947-41A6-A85F-22B09EC434DD}.Release|Any CPU.Build.0 = Release|Any CPU
		{39709AE7-E32C-4920-A815-2171C271E2D7}.Debug|Any CPU.ActiveCfg = Debug|Any CPU
		{39709AE7-E32C-4920-A815-2171C271E2D7}.Debug|Any CPU.Build.0 = Debug|Any CPU
		{39709AE7-E32C-4920-A815-2171C271E2D7}.Release|Any CPU.ActiveCfg = Release|Any CPU
		{39709AE7-E32C-4920-A815-2171C271E2D7}.Release|Any CPU.Build.0 = Release|Any CPU
		{0949B52B-D3FC-493C-BA91-FC30C5E4BDA4}.Debug|Any CPU.ActiveCfg = Debug|Any CPU
		{0949B52B-D3FC-493C-BA91-FC30C5E4BDA4}.Debug|Any CPU.Build.0 = Debug|Any CPU
		{0949B52B-D3FC-493C-BA91-FC30C5E4BDA4}.Release|Any CPU.ActiveCfg = Release|Any CPU
		{0949B52B-D3FC-493C-BA91-FC30C5E4BDA4}.Release|Any CPU.Build.0 = Release|Any CPU
		{FACF87B8-058D-4772-AA22-32D1E2EEB20E}.Debug|Any CPU.ActiveCfg = Debug|Any CPU
		{FACF87B8-058D-4772-AA22-32D1E2EEB20E}.Debug|Any CPU.Build.0 = Debug|Any CPU
		{FACF87B8-058D-4772-AA22-32D1E2EEB20E}.Release|Any CPU.ActiveCfg = Release|Any CPU
		{FACF87B8-058D-4772-AA22-32D1E2EEB20E}.Release|Any CPU.Build.0 = Release|Any CPU
		{389F101E-5E15-4E95-B76F-6D6305934DF1}.Debug|Any CPU.ActiveCfg = Debug|Any CPU
		{389F101E-5E15-4E95-B76F-6D6305934DF1}.Debug|Any CPU.Build.0 = Debug|Any CPU
		{389F101E-5E15-4E95-B76F-6D6305934DF1}.Release|Any CPU.ActiveCfg = Release|Any CPU
		{389F101E-5E15-4E95-B76F-6D6305934DF1}.Release|Any CPU.Build.0 = Release|Any CPU
		{11F9C7EB-4AB5-4A3A-9870-A4F10EDFF9BA}.Debug|Any CPU.ActiveCfg = Debug|Any CPU
		{11F9C7EB-4AB5-4A3A-9870-A4F10EDFF9BA}.Debug|Any CPU.Build.0 = Debug|Any CPU
		{11F9C7EB-4AB5-4A3A-9870-A4F10EDFF9BA}.Release|Any CPU.ActiveCfg = Release|Any CPU
		{11F9C7EB-4AB5-4A3A-9870-A4F10EDFF9BA}.Release|Any CPU.Build.0 = Release|Any CPU
		{02232EB7-2132-489F-A68B-DA67438E7586}.Debug|Any CPU.ActiveCfg = Debug|Any CPU
		{02232EB7-2132-489F-A68B-DA67438E7586}.Debug|Any CPU.Build.0 = Debug|Any CPU
		{02232EB7-2132-489F-A68B-DA67438E7586}.Release|Any CPU.ActiveCfg = Release|Any CPU
		{02232EB7-2132-489F-A68B-DA67438E7586}.Release|Any CPU.Build.0 = Release|Any CPU
		{726C04F5-EC54-4E9D-A24C-6B2DA7DBED86}.Debug|Any CPU.ActiveCfg = Debug|Any CPU
		{726C04F5-EC54-4E9D-A24C-6B2DA7DBED86}.Debug|Any CPU.Build.0 = Debug|Any CPU
		{726C04F5-EC54-4E9D-A24C-6B2DA7DBED86}.Release|Any CPU.ActiveCfg = Release|Any CPU
		{726C04F5-EC54-4E9D-A24C-6B2DA7DBED86}.Release|Any CPU.Build.0 = Release|Any CPU
		{E8EC79FC-8A6C-48F2-8E25-66806E4CBF1D}.Debug|Any CPU.ActiveCfg = Debug|Any CPU
		{E8EC79FC-8A6C-48F2-8E25-66806E4CBF1D}.Debug|Any CPU.Build.0 = Debug|Any CPU
		{E8EC79FC-8A6C-48F2-8E25-66806E4CBF1D}.Release|Any CPU.ActiveCfg = Release|Any CPU
		{E8EC79FC-8A6C-48F2-8E25-66806E4CBF1D}.Release|Any CPU.Build.0 = Release|Any CPU
		{298E8BBA-A906-4DD2-8232-4A1D645463BB}.Debug|Any CPU.ActiveCfg = Debug|Any CPU
		{298E8BBA-A906-4DD2-8232-4A1D645463BB}.Debug|Any CPU.Build.0 = Debug|Any CPU
		{298E8BBA-A906-4DD2-8232-4A1D645463BB}.Release|Any CPU.ActiveCfg = Release|Any CPU
		{298E8BBA-A906-4DD2-8232-4A1D645463BB}.Release|Any CPU.Build.0 = Release|Any CPU
		{E0732ADC-4293-4A0D-8366-6AECC7DF81B8}.Debug|Any CPU.ActiveCfg = Debug|Any CPU
		{E0732ADC-4293-4A0D-8366-6AECC7DF81B8}.Debug|Any CPU.Build.0 = Debug|Any CPU
		{E0732ADC-4293-4A0D-8366-6AECC7DF81B8}.Release|Any CPU.ActiveCfg = Release|Any CPU
		{E0732ADC-4293-4A0D-8366-6AECC7DF81B8}.Release|Any CPU.Build.0 = Release|Any CPU
		{C27CA60D-3B47-4FFD-8155-B52E0825EFDA}.Debug|Any CPU.ActiveCfg = Debug|Any CPU
		{C27CA60D-3B47-4FFD-8155-B52E0825EFDA}.Debug|Any CPU.Build.0 = Debug|Any CPU
		{C27CA60D-3B47-4FFD-8155-B52E0825EFDA}.Release|Any CPU.ActiveCfg = Release|Any CPU
		{C27CA60D-3B47-4FFD-8155-B52E0825EFDA}.Release|Any CPU.Build.0 = Release|Any CPU
		{A6C54F8A-8154-4A46-9B00-2E5246521D15}.Debug|Any CPU.ActiveCfg = Debug|Any CPU
		{A6C54F8A-8154-4A46-9B00-2E5246521D15}.Debug|Any CPU.Build.0 = Debug|Any CPU
		{A6C54F8A-8154-4A46-9B00-2E5246521D15}.Release|Any CPU.ActiveCfg = Release|Any CPU
		{A6C54F8A-8154-4A46-9B00-2E5246521D15}.Release|Any CPU.Build.0 = Release|Any CPU
		{334C98F8-7A82-4721-9C93-2142CAEFA3E1}.Debug|Any CPU.ActiveCfg = Debug|Any CPU
		{334C98F8-7A82-4721-9C93-2142CAEFA3E1}.Debug|Any CPU.Build.0 = Debug|Any CPU
		{334C98F8-7A82-4721-9C93-2142CAEFA3E1}.Release|Any CPU.ActiveCfg = Release|Any CPU
		{334C98F8-7A82-4721-9C93-2142CAEFA3E1}.Release|Any CPU.Build.0 = Release|Any CPU
		{E5B1F921-356D-4B2B-813B-3EB9D0DC9DA7}.Debug|Any CPU.ActiveCfg = Debug|Any CPU
		{E5B1F921-356D-4B2B-813B-3EB9D0DC9DA7}.Debug|Any CPU.Build.0 = Debug|Any CPU
		{E5B1F921-356D-4B2B-813B-3EB9D0DC9DA7}.Release|Any CPU.ActiveCfg = Release|Any CPU
		{E5B1F921-356D-4B2B-813B-3EB9D0DC9DA7}.Release|Any CPU.Build.0 = Release|Any CPU
		{78F1AB65-CED0-4414-B455-BE60D5A48D80}.Debug|Any CPU.ActiveCfg = Debug|Any CPU
		{78F1AB65-CED0-4414-B455-BE60D5A48D80}.Debug|Any CPU.Build.0 = Debug|Any CPU
		{78F1AB65-CED0-4414-B455-BE60D5A48D80}.Release|Any CPU.ActiveCfg = Release|Any CPU
		{78F1AB65-CED0-4414-B455-BE60D5A48D80}.Release|Any CPU.Build.0 = Release|Any CPU
		{537F14C2-0C1A-4A61-BF6C-2210D45B7A29}.Debug|Any CPU.ActiveCfg = Debug|Any CPU
		{537F14C2-0C1A-4A61-BF6C-2210D45B7A29}.Debug|Any CPU.Build.0 = Debug|Any CPU
		{537F14C2-0C1A-4A61-BF6C-2210D45B7A29}.Release|Any CPU.ActiveCfg = Release|Any CPU
		{537F14C2-0C1A-4A61-BF6C-2210D45B7A29}.Release|Any CPU.Build.0 = Release|Any CPU
		{C78C83A0-E95F-42D8-A19C-D385445268E0}.Debug|Any CPU.ActiveCfg = Debug|Any CPU
		{C78C83A0-E95F-42D8-A19C-D385445268E0}.Debug|Any CPU.Build.0 = Debug|Any CPU
		{C78C83A0-E95F-42D8-A19C-D385445268E0}.Release|Any CPU.ActiveCfg = Release|Any CPU
		{C78C83A0-E95F-42D8-A19C-D385445268E0}.Release|Any CPU.Build.0 = Release|Any CPU
		{53F199FD-F47A-4221-BE45-635232DBAA9C}.Debug|Any CPU.ActiveCfg = Debug|Any CPU
		{53F199FD-F47A-4221-BE45-635232DBAA9C}.Debug|Any CPU.Build.0 = Debug|Any CPU
		{53F199FD-F47A-4221-BE45-635232DBAA9C}.Release|Any CPU.ActiveCfg = Release|Any CPU
		{53F199FD-F47A-4221-BE45-635232DBAA9C}.Release|Any CPU.Build.0 = Release|Any CPU
	EndGlobalSection
	GlobalSection(SolutionProperties) = preSolution
		HideSolutionNode = FALSE
	EndGlobalSection
	GlobalSection(NestedProjects) = preSolution
		{C27CA60D-3B47-4FFD-8155-B52E0825EFDA} = {5AF715FA-7B0C-49DD-914B-5A3C5F4965F7}
		{A6C54F8A-8154-4A46-9B00-2E5246521D15} = {2BBD0BE8-2559-4485-B442-12DB4ED5FA48}
		{334C98F8-7A82-4721-9C93-2142CAEFA3E1} = {2BBD0BE8-2559-4485-B442-12DB4ED5FA48}
		{E5B1F921-356D-4B2B-813B-3EB9D0DC9DA7} = {C1FCCC3E-267B-4ECE-BA0B-C742F97D0800}
		{78F1AB65-CED0-4414-B455-BE60D5A48D80} = {C1FCCC3E-267B-4ECE-BA0B-C742F97D0800}
		{537F14C2-0C1A-4A61-BF6C-2210D45B7A29} = {5B0E3DB6-B1D3-4F3E-A19E-C81CD1A1DB03}
		{C78C83A0-E95F-42D8-A19C-D385445268E0} = {C1FCCC3E-267B-4ECE-BA0B-C742F97D0800}
		{53F199FD-F47A-4221-BE45-635232DBAA9C} = {2BBD0BE8-2559-4485-B442-12DB4ED5FA48}
	EndGlobalSection
	GlobalSection(ExtensibilityGlobals) = postSolution
		SolutionGuid = {0689A13C-E5D1-40C4-A4B0-CA008A3CE5FE}
	EndGlobalSection
EndGlobal
